<?xml version="1.0" encoding="UTF-8"?>
<Project ToolsVersion="4.0" xmlns="http://schemas.microsoft.com/developer/msbuild/2003">
  <ItemGroup>
    <ClCompile Include="C:\Users\Stephanie\Documents\School\ECE 574a\Red-Panda-COCAINE\474_assignment_2\rgalhotra_samarcellin_ttran23\src\main.cpp">
      <Filter>Source Files</Filter>
    </ClCompile>
    <ClCompile Include="C:\Users\Stephanie\Documents\School\ECE 574a\Red-Panda-COCAINE\474_assignment_2\rgalhotra_samarcellin_ttran23\src\node.cpp">
      <Filter>Source Files</Filter>
    </ClCompile>
  </ItemGroup>
  <ItemGroup>
    <ClInclude Include="C:\Users\Stephanie\Documents\School\ECE 574a\Red-Panda-COCAINE\474_assignment_2\rgalhotra_samarcellin_ttran23\src\node.h">
      <Filter>Header Files</Filter>
    </ClInclude>
  </ItemGroup>
  <ItemGroup>
    <CustomBuild Include="C:\Users\Stephanie\Documents\School\ECE 574a\Red-Panda-COCAINE\474_assignment_2\rgalhotra_samarcellin_ttran23\src\CMakeLists.txt" />
  </ItemGroup>
  <ItemGroup>
    <Filter Include="Source Files">
      <UniqueIdentifier>{A4428D2A-D1E5-3BEE-9E1B-3F99B456B263}</UniqueIdentifier>
    </Filter>
    <Filter Include="Header Files">
      <UniqueIdentifier>{462D6576-1746-33BF-A43F-061C2E53642F}</UniqueIdentifier>
    </Filter>
  </ItemGroup>
</Project>
