Microsoft Visual Studio Solution File, Format Version 12.00
# Visual Studio 2012
Project("{8BC9CEB8-8B4A-11D0-8D11-00A0C91BC942}") = "ALL_BUILD", "ALL_BUILD.vcxproj", "{056DD006-1C04-3DF9-B8A5-477D68A97E19}"
	ProjectSection(ProjectDependencies) = postProject
		{273D6FC8-EAAB-3174-88C5-2877A9412031} = {273D6FC8-EAAB-3174-88C5-2877A9412031}
		{F29B7F74-0665-3D6E-A9BF-B891CAC77AB3} = {F29B7F74-0665-3D6E-A9BF-B891CAC77AB3}
	EndProjectSection
EndProject
Project("{8BC9CEB8-8B4A-11D0-8D11-00A0C91BC942}") = "ZERO_CHECK", "ZERO_CHECK.vcxproj", "{273D6FC8-EAAB-3174-88C5-2877A9412031}"
	ProjectSection(ProjectDependencies) = postProject
	EndProjectSection
EndProject
Project("{8BC9CEB8-8B4A-11D0-8D11-00A0C91BC942}") = "dpgen", "src\dpgen.vcxproj", "{F29B7F74-0665-3D6E-A9BF-B891CAC77AB3}"
	ProjectSection(ProjectDependencies) = postProject
		{273D6FC8-EAAB-3174-88C5-2877A9412031} = {273D6FC8-EAAB-3174-88C5-2877A9412031}
	EndProjectSection
EndProject
Global
	GlobalSection(SolutionConfigurationPlatforms) = preSolution
		Debug|x64 = Debug|x64
		Release|x64 = Release|x64
		MinSizeRel|x64 = MinSizeRel|x64
		RelWithDebInfo|x64 = RelWithDebInfo|x64
	EndGlobalSection
	GlobalSection(ProjectConfigurationPlatforms) = postSolution
		{056DD006-1C04-3DF9-B8A5-477D68A97E19}.Debug|x64.ActiveCfg = Debug|x64
		{056DD006-1C04-3DF9-B8A5-477D68A97E19}.Release|x64.ActiveCfg = Release|x64
		{056DD006-1C04-3DF9-B8A5-477D68A97E19}.MinSizeRel|x64.ActiveCfg = MinSizeRel|x64
		{056DD006-1C04-3DF9-B8A5-477D68A97E19}.RelWithDebInfo|x64.ActiveCfg = RelWithDebInfo|x64
		{273D6FC8-EAAB-3174-88C5-2877A9412031}.Debug|x64.ActiveCfg = Debug|x64
		{273D6FC8-EAAB-3174-88C5-2877A9412031}.Debug|x64.Build.0 = Debug|x64
		{273D6FC8-EAAB-3174-88C5-2877A9412031}.Release|x64.ActiveCfg = Release|x64
		{273D6FC8-EAAB-3174-88C5-2877A9412031}.Release|x64.Build.0 = Release|x64
		{273D6FC8-EAAB-3174-88C5-2877A9412031}.MinSizeRel|x64.ActiveCfg = MinSizeRel|x64
		{273D6FC8-EAAB-3174-88C5-2877A9412031}.MinSizeRel|x64.Build.0 = MinSizeRel|x64
		{273D6FC8-EAAB-3174-88C5-2877A9412031}.RelWithDebInfo|x64.ActiveCfg = RelWithDebInfo|x64
		{273D6FC8-EAAB-3174-88C5-2877A9412031}.RelWithDebInfo|x64.Build.0 = RelWithDebInfo|x64
		{F29B7F74-0665-3D6E-A9BF-B891CAC77AB3}.Debug|x64.ActiveCfg = Debug|x64
		{F29B7F74-0665-3D6E-A9BF-B891CAC77AB3}.Debug|x64.Build.0 = Debug|x64
		{F29B7F74-0665-3D6E-A9BF-B891CAC77AB3}.Release|x64.ActiveCfg = Release|x64
		{F29B7F74-0665-3D6E-A9BF-B891CAC77AB3}.Release|x64.Build.0 = Release|x64
		{F29B7F74-0665-3D6E-A9BF-B891CAC77AB3}.MinSizeRel|x64.ActiveCfg = MinSizeRel|x64
		{F29B7F74-0665-3D6E-A9BF-B891CAC77AB3}.MinSizeRel|x64.Build.0 = MinSizeRel|x64
		{F29B7F74-0665-3D6E-A9BF-B891CAC77AB3}.RelWithDebInfo|x64.ActiveCfg = RelWithDebInfo|x64
		{F29B7F74-0665-3D6E-A9BF-B891CAC77AB3}.RelWithDebInfo|x64.Build.0 = RelWithDebInfo|x64
	EndGlobalSection
	GlobalSection(ExtensibilityGlobals) = postSolution
		SolutionGuid = {ED88DB8C-2A63-3E61-81C2-2FCB5A1F2FC2}
	EndGlobalSection
	GlobalSection(ExtensibilityAddIns) = postSolution
	EndGlobalSection
EndGlobal
